
Microsoft Visual Studio Solution File, Format Version 12.00
# Visual Studio Version 17
VisualStudioVersion = 17.10.34916.146
MinimumVisualStudioVersion = 10.0.40219.1
Project("{FAE04EC0-301F-11D3-BF4B-00C04F79EFBC}") = "WebApplication5", "WebApplication5\WebApplication5.csproj", "{725AEE6F-DB5F-48CA-8C1E-767E026FAB61}"
EndProject
Global
	GlobalSection(SolutionConfigurationPlatforms) = preSolution
		Debug|Any CPU = Debug|Any CPU
		Release|Any CPU = Release|Any CPU
	EndGlobalSection
	GlobalSection(ProjectConfigurationPlatforms) = postSolution
		{725AEE6F-DB5F-48CA-8C1E-767E026FAB61}.Debug|Any CPU.ActiveCfg = Debug|Any CPU
		{725AEE6F-DB5F-48CA-8C1E-767E026FAB61}.Debug|Any CPU.Build.0 = Debug|Any CPU
		{725AEE6F-DB5F-48CA-8C1E-767E026FAB61}.Release|Any CPU.ActiveCfg = Release|Any CPU
		{725AEE6F-DB5F-48CA-8C1E-767E026FAB61}.Release|Any CPU.Build.0 = Release|Any CPU
	EndGlobalSection
	GlobalSection(SolutionProperties) = preSolution
		HideSolutionNode = FALSE
	EndGlobalSection
	GlobalSection(ExtensibilityGlobals) = postSolution
		SolutionGuid = {78464334-3457-4A5E-9B1C-58E35FC1A542}
	EndGlobalSection
EndGlobal
